Microsoft Visual Studio Solution File, Format Version 12.00
# Visual Studio Version 17
VisualStudioVersion = 17.5.2.0
MinimumVisualStudioVersion = 10.0.40219.1
Project("{FAE04EC0-301F-11D3-BF4B-00C04F79EFBC}") = "kruskal_algorithm", "kruskal_algorithm.csproj", "{4C39841D-DCDA-0432-002A-439F5C79C55F}"
EndProject
Global
	GlobalSection(SolutionConfigurationPlatforms) = preSolution
		Debug|Any CPU = Debug|Any CPU
		Release|Any CPU = Release|Any CPU
	EndGlobalSection
	GlobalSection(ProjectConfigurationPlatforms) = postSolution
		{4C39841D-DCDA-0432-002A-439F5C79C55F}.Debug|Any CPU.ActiveCfg = Debug|Any CPU
		{4C39841D-DCDA-0432-002A-439F5C79C55F}.Debug|Any CPU.Build.0 = Debug|Any CPU
		{4C39841D-DCDA-0432-002A-439F5C79C55F}.Release|Any CPU.ActiveCfg = Release|Any CPU
		{4C39841D-DCDA-0432-002A-439F5C79C55F}.Release|Any CPU.Build.0 = Release|Any CPU
	EndGlobalSection
	GlobalSection(SolutionProperties) = preSolution
		HideSolutionNode = FALSE
	EndGlobalSection
	GlobalSection(ExtensibilityGlobals) = postSolution
		SolutionGuid = {404D5D02-1C7B-4FB5-8869-26AF264CAD6C}
	EndGlobalSection
EndGlobal
